PODS:
  - Flutter (1.0.0)
  - haptic_feedback (0.5.1):
    - Flutter
  - integration_test (0.0.1):
    - Flutter

DEPENDENCIES:
  - Flutter (from `Flutter`)
  - haptic_feedback (from `.symlinks/plugins/haptic_feedback/ios`)
  - integration_test (from `.symlinks/plugins/integration_test/ios`)

EXTERNAL SOURCES:
  Flutter:
    :path: Flutter
  haptic_feedback:
    :path: ".symlinks/plugins/haptic_feedback/ios"
  integration_test:
    :path: ".symlinks/plugins/integration_test/ios"

SPEC CHECKSUMS:
  Flutter: cabc95a1d2626b1b06e7179b784ebcf0c0cde467
  haptic_feedback: fd1d8509833f58f164fc12122c0357fa9b2750e0
  integration_test: 4a889634ef21a45d28d50d622cf412dc6d9f586e

PODFILE CHECKSUM: a57f30d18f102dd3ce366b1d62a55ecbef2158e5

COCOAPODS: 1.16.2
